// !$*UTF8*$!
{
	archiveVersion = 1;
	classes = {
	};
	objectVersion = 55;
	objects = {

/* Begin PBXBuildFile section */
		60D77133289447890027CD4C /* AppDelegate.swift in Sources */ = {isa = PBXBuildFile; fileRef = 60D77132289447890027CD4C /* AppDelegate.swift */; };
		60D77137289447890027CD4C /* ViewController.swift in Sources */ = {isa = PBXBuildFile; fileRef = 60D77136289447890027CD4C /* ViewController.swift */; };
		60D7713C2894478C0027CD4C /* Assets.xcassets in Resources */ = {isa = PBXBuildFile; fileRef = 60D7713B2894478C0027CD4C /* Assets.xcassets */; };
		60D7713F2894478C0027CD4C /* LaunchScreen.storyboard in Resources */ = {isa = PBXBuildFile; fileRef = 60D7713D2894478C0027CD4C /* LaunchScreen.storyboard */; };
		60D7714A2894478C0027CD4C /* GithubAppTests.swift in Sources */ = {isa = PBXBuildFile; fileRef = 60D771492894478C0027CD4C /* GithubAppTests.swift */; };
		60D7716628944A4D0027CD4C /* SceneDelegate.swift in Sources */ = {isa = PBXBuildFile; fileRef = 60D7716528944A4D0027CD4C /* SceneDelegate.swift */; };
		60D771742894690E0027CD4C /* Domain.framework in Frameworks */ = {isa = PBXBuildFile; fileRef = 60D7716C2894690E0027CD4C /* Domain.framework */; };
		60D7717B2894690E0027CD4C /* DomainTests.swift in Sources */ = {isa = PBXBuildFile; fileRef = 60D7717A2894690E0027CD4C /* DomainTests.swift */; };
		60D7717F2894690E0027CD4C /* Domain.framework in Frameworks */ = {isa = PBXBuildFile; fileRef = 60D7716C2894690E0027CD4C /* Domain.framework */; };
		60D771802894690E0027CD4C /* Domain.framework in Embed Frameworks */ = {isa = PBXBuildFile; fileRef = 60D7716C2894690E0027CD4C /* Domain.framework */; settings = {ATTRIBUTES = (CodeSignOnCopy, RemoveHeadersOnCopy, ); }; };
		60D771892894696F0027CD4C /* DomainFile.swift in Sources */ = {isa = PBXBuildFile; fileRef = 60D771882894696F0027CD4C /* DomainFile.swift */; };
		60D77197289469B00027CD4C /* Data.framework in Frameworks */ = {isa = PBXBuildFile; fileRef = 60D7718F289469B00027CD4C /* Data.framework */; };
		60D7719E289469B00027CD4C /* DataTests.swift in Sources */ = {isa = PBXBuildFile; fileRef = 60D7719D289469B00027CD4C /* DataTests.swift */; };
		60D771A2289469B00027CD4C /* Data.framework in Frameworks */ = {isa = PBXBuildFile; fileRef = 60D7718F289469B00027CD4C /* Data.framework */; };
		60D771A3289469B00027CD4C /* Data.framework in Embed Frameworks */ = {isa = PBXBuildFile; fileRef = 60D7718F289469B00027CD4C /* Data.framework */; settings = {ATTRIBUTES = (CodeSignOnCopy, RemoveHeadersOnCopy, ); }; };
		60D771AB289469CF0027CD4C /* DataFile.swift in Sources */ = {isa = PBXBuildFile; fileRef = 60D771AA289469CF0027CD4C /* DataFile.swift */; };
		60D771B928946A070027CD4C /* Presentation.framework in Frameworks */ = {isa = PBXBuildFile; fileRef = 60D771B128946A070027CD4C /* Presentation.framework */; };
		60D771C028946A070027CD4C /* PresentationTests.swift in Sources */ = {isa = PBXBuildFile; fileRef = 60D771BF28946A070027CD4C /* PresentationTests.swift */; };
		60D771C428946A070027CD4C /* Presentation.framework in Frameworks */ = {isa = PBXBuildFile; fileRef = 60D771B128946A070027CD4C /* Presentation.framework */; };
		60D771C528946A070027CD4C /* Presentation.framework in Embed Frameworks */ = {isa = PBXBuildFile; fileRef = 60D771B128946A070027CD4C /* Presentation.framework */; settings = {ATTRIBUTES = (CodeSignOnCopy, RemoveHeadersOnCopy, ); }; };
		60D771CD28946A250027CD4C /* PresentationFile.swift in Sources */ = {isa = PBXBuildFile; fileRef = 60D771CC28946A250027CD4C /* PresentationFile.swift */; };
		60D771F528946E820027CD4C /* RxCocoa in Frameworks */ = {isa = PBXBuildFile; productRef = 60D771F428946E820027CD4C /* RxCocoa */; };
		60D771FA28946E830027CD4C /* Domain.framework in Frameworks */ = {isa = PBXBuildFile; fileRef = 60D7716C2894690E0027CD4C /* Domain.framework */; };
		60D7720728946EC10027CD4C /* Domain.framework in Frameworks */ = {isa = PBXBuildFile; fileRef = 60D7716C2894690E0027CD4C /* Domain.framework */; };
		60D7720928946EE00027CD4C /* RxRelay in Frameworks */ = {isa = PBXBuildFile; productRef = 60D7720828946EE00027CD4C /* RxRelay */; };
		60D7720B28946EE00027CD4C /* RxSwift in Frameworks */ = {isa = PBXBuildFile; productRef = 60D7720A28946EE00027CD4C /* RxSwift */; };
/* End PBXBuildFile section */

/* Begin PBXContainerItemProxy section */
		60D771462894478C0027CD4C /* PBXContainerItemProxy */ = {
			isa = PBXContainerItemProxy;
			containerPortal = 60D77127289447890027CD4C /* Project object */;
			proxyType = 1;
			remoteGlobalIDString = 60D7712E289447890027CD4C;
			remoteInfo = GithubApp;
		};
		60D771752894690E0027CD4C /* PBXContainerItemProxy */ = {
			isa = PBXContainerItemProxy;
			containerPortal = 60D77127289447890027CD4C /* Project object */;
			proxyType = 1;
			remoteGlobalIDString = 60D7716B2894690E0027CD4C;
			remoteInfo = Domain;
		};
		60D771772894690E0027CD4C /* PBXContainerItemProxy */ = {
			isa = PBXContainerItemProxy;
			containerPortal = 60D77127289447890027CD4C /* Project object */;
			proxyType = 1;
			remoteGlobalIDString = 60D7712E289447890027CD4C;
			remoteInfo = GithubApp;
		};
		60D7717D2894690E0027CD4C /* PBXContainerItemProxy */ = {
			isa = PBXContainerItemProxy;
			containerPortal = 60D77127289447890027CD4C /* Project object */;
			proxyType = 1;
			remoteGlobalIDString = 60D7716B2894690E0027CD4C;
			remoteInfo = Domain;
		};
		60D77198289469B00027CD4C /* PBXContainerItemProxy */ = {
			isa = PBXContainerItemProxy;
			containerPortal = 60D77127289447890027CD4C /* Project object */;
			proxyType = 1;
			remoteGlobalIDString = 60D7718E289469B00027CD4C;
			remoteInfo = Data;
		};
		60D7719A289469B00027CD4C /* PBXContainerItemProxy */ = {
			isa = PBXContainerItemProxy;
			containerPortal = 60D77127289447890027CD4C /* Project object */;
			proxyType = 1;
			remoteGlobalIDString = 60D7712E289447890027CD4C;
			remoteInfo = GithubApp;
		};
		60D771A0289469B00027CD4C /* PBXContainerItemProxy */ = {
			isa = PBXContainerItemProxy;
			containerPortal = 60D77127289447890027CD4C /* Project object */;
			proxyType = 1;
			remoteGlobalIDString = 60D7718E289469B00027CD4C;
			remoteInfo = Data;
		};
		60D771BA28946A070027CD4C /* PBXContainerItemProxy */ = {
			isa = PBXContainerItemProxy;
			containerPortal = 60D77127289447890027CD4C /* Project object */;
			proxyType = 1;
			remoteGlobalIDString = 60D771B028946A070027CD4C;
			remoteInfo = Presentation;
		};
		60D771BC28946A070027CD4C /* PBXContainerItemProxy */ = {
			isa = PBXContainerItemProxy;
			containerPortal = 60D77127289447890027CD4C /* Project object */;
			proxyType = 1;
			remoteGlobalIDString = 60D7712E289447890027CD4C;
			remoteInfo = GithubApp;
		};
		60D771C228946A070027CD4C /* PBXContainerItemProxy */ = {
			isa = PBXContainerItemProxy;
			containerPortal = 60D77127289447890027CD4C /* Project object */;
			proxyType = 1;
			remoteGlobalIDString = 60D771B028946A070027CD4C;
			remoteInfo = Presentation;
		};
		60D771DD28946CD70027CD4C /* PBXContainerItemProxy */ = {
			isa = PBXContainerItemProxy;
			containerPortal = 60D77127289447890027CD4C /* Project object */;
			proxyType = 1;
			remoteGlobalIDString = 60D7716B2894690E0027CD4C;
			remoteInfo = Domain;
		};
		60D771FB28946EA70027CD4C /* PBXContainerItemProxy */ = {
			isa = PBXContainerItemProxy;
			containerPortal = 60D77127289447890027CD4C /* Project object */;
			proxyType = 1;
			remoteGlobalIDString = 60D7716B2894690E0027CD4C;
			remoteInfo = Domain;
		};
/* End PBXContainerItemProxy section */

/* Begin PBXCopyFilesBuildPhase section */
		60D771812894690E0027CD4C /* Embed Frameworks */ = {
			isa = PBXCopyFilesBuildPhase;
			buildActionMask = 2147483647;
			dstPath = "";
			dstSubfolderSpec = 10;
			files = (
				60D771A3289469B00027CD4C /* Data.framework in Embed Frameworks */,
				60D771802894690E0027CD4C /* Domain.framework in Embed Frameworks */,
				60D771C528946A070027CD4C /* Presentation.framework in Embed Frameworks */,
			);
			name = "Embed Frameworks";
			runOnlyForDeploymentPostprocessing = 0;
		};
/* End PBXCopyFilesBuildPhase section */

/* Begin PBXFileReference section */
		60D7712F289447890027CD4C /* GithubApp.app */ = {isa = PBXFileReference; explicitFileType = wrapper.application; includeInIndex = 0; path = GithubApp.app; sourceTree = BUILT_PRODUCTS_DIR; };
		60D77132289447890027CD4C /* AppDelegate.swift */ = {isa = PBXFileReference; lastKnownFileType = sourcecode.swift; path = AppDelegate.swift; sourceTree = "<group>"; };
		60D77136289447890027CD4C /* ViewController.swift */ = {isa = PBXFileReference; lastKnownFileType = sourcecode.swift; path = ViewController.swift; sourceTree = "<group>"; };
		60D7713B2894478C0027CD4C /* Assets.xcassets */ = {isa = PBXFileReference; lastKnownFileType = folder.assetcatalog; path = Assets.xcassets; sourceTree = "<group>"; };
		60D7713E2894478C0027CD4C /* Base */ = {isa = PBXFileReference; lastKnownFileType = file.storyboard; name = Base; path = Base.lproj/LaunchScreen.storyboard; sourceTree = "<group>"; };
		60D771402894478C0027CD4C /* Info.plist */ = {isa = PBXFileReference; lastKnownFileType = text.plist.xml; path = Info.plist; sourceTree = "<group>"; };
		60D771452894478C0027CD4C /* GithubAppTests.xctest */ = {isa = PBXFileReference; explicitFileType = wrapper.cfbundle; includeInIndex = 0; path = GithubAppTests.xctest; sourceTree = BUILT_PRODUCTS_DIR; };
		60D771492894478C0027CD4C /* GithubAppTests.swift */ = {isa = PBXFileReference; lastKnownFileType = sourcecode.swift; path = GithubAppTests.swift; sourceTree = "<group>"; };
		60D7716528944A4D0027CD4C /* SceneDelegate.swift */ = {isa = PBXFileReference; fileEncoding = 4; lastKnownFileType = sourcecode.swift; path = SceneDelegate.swift; sourceTree = "<group>"; };
		60D7716C2894690E0027CD4C /* Domain.framework */ = {isa = PBXFileReference; explicitFileType = wrapper.framework; includeInIndex = 0; path = Domain.framework; sourceTree = BUILT_PRODUCTS_DIR; };
		60D771732894690E0027CD4C /* DomainTests.xctest */ = {isa = PBXFileReference; explicitFileType = wrapper.cfbundle; includeInIndex = 0; path = DomainTests.xctest; sourceTree = BUILT_PRODUCTS_DIR; };
		60D7717A2894690E0027CD4C /* DomainTests.swift */ = {isa = PBXFileReference; lastKnownFileType = sourcecode.swift; path = DomainTests.swift; sourceTree = "<group>"; };
		60D771882894696F0027CD4C /* DomainFile.swift */ = {isa = PBXFileReference; lastKnownFileType = sourcecode.swift; path = DomainFile.swift; sourceTree = "<group>"; };
		60D7718F289469B00027CD4C /* Data.framework */ = {isa = PBXFileReference; explicitFileType = wrapper.framework; includeInIndex = 0; path = Data.framework; sourceTree = BUILT_PRODUCTS_DIR; };
		60D77196289469B00027CD4C /* DataTests.xctest */ = {isa = PBXFileReference; explicitFileType = wrapper.cfbundle; includeInIndex = 0; path = DataTests.xctest; sourceTree = BUILT_PRODUCTS_DIR; };
		60D7719D289469B00027CD4C /* DataTests.swift */ = {isa = PBXFileReference; lastKnownFileType = sourcecode.swift; path = DataTests.swift; sourceTree = "<group>"; };
		60D771AA289469CF0027CD4C /* DataFile.swift */ = {isa = PBXFileReference; lastKnownFileType = sourcecode.swift; path = DataFile.swift; sourceTree = "<group>"; };
		60D771B128946A070027CD4C /* Presentation.framework */ = {isa = PBXFileReference; explicitFileType = wrapper.framework; includeInIndex = 0; path = Presentation.framework; sourceTree = BUILT_PRODUCTS_DIR; };
		60D771B828946A070027CD4C /* PresentationTests.xctest */ = {isa = PBXFileReference; explicitFileType = wrapper.cfbundle; includeInIndex = 0; path = PresentationTests.xctest; sourceTree = BUILT_PRODUCTS_DIR; };
		60D771BF28946A070027CD4C /* PresentationTests.swift */ = {isa = PBXFileReference; lastKnownFileType = sourcecode.swift; path = PresentationTests.swift; sourceTree = "<group>"; };
		60D771CC28946A250027CD4C /* PresentationFile.swift */ = {isa = PBXFileReference; lastKnownFileType = sourcecode.swift; path = PresentationFile.swift; sourceTree = "<group>"; };
/* End PBXFileReference section */

/* Begin PBXFrameworksBuildPhase section */
		60D7712C289447890027CD4C /* Frameworks */ = {
			isa = PBXFrameworksBuildPhase;
			buildActionMask = 2147483647;
			files = (
				60D771A2289469B00027CD4C /* Data.framework in Frameworks */,
				60D7717F2894690E0027CD4C /* Domain.framework in Frameworks */,
				60D771C428946A070027CD4C /* Presentation.framework in Frameworks */,
			);
			runOnlyForDeploymentPostprocessing = 0;
		};
		60D771422894478C0027CD4C /* Frameworks */ = {
			isa = PBXFrameworksBuildPhase;
			buildActionMask = 2147483647;
			files = (
			);
			runOnlyForDeploymentPostprocessing = 0;
		};
		60D771692894690E0027CD4C /* Frameworks */ = {
			isa = PBXFrameworksBuildPhase;
			buildActionMask = 2147483647;
			files = (
				60D7720B28946EE00027CD4C /* RxSwift in Frameworks */,
				60D7720928946EE00027CD4C /* RxRelay in Frameworks */,
			);
			runOnlyForDeploymentPostprocessing = 0;
		};
		60D771702894690E0027CD4C /* Frameworks */ = {
			isa = PBXFrameworksBuildPhase;
			buildActionMask = 2147483647;
			files = (
				60D771742894690E0027CD4C /* Domain.framework in Frameworks */,
			);
			runOnlyForDeploymentPostprocessing = 0;
		};
		60D7718C289469B00027CD4C /* Frameworks */ = {
			isa = PBXFrameworksBuildPhase;
			buildActionMask = 2147483647;
			files = (
				60D7720728946EC10027CD4C /* Domain.framework in Frameworks */,
			);
			runOnlyForDeploymentPostprocessing = 0;
		};
		60D77193289469B00027CD4C /* Frameworks */ = {
			isa = PBXFrameworksBuildPhase;
			buildActionMask = 2147483647;
			files = (
				60D77197289469B00027CD4C /* Data.framework in Frameworks */,
			);
			runOnlyForDeploymentPostprocessing = 0;
		};
		60D771AE28946A070027CD4C /* Frameworks */ = {
			isa = PBXFrameworksBuildPhase;
			buildActionMask = 2147483647;
			files = (
				60D771FA28946E830027CD4C /* Domain.framework in Frameworks */,
				60D771F528946E820027CD4C /* RxCocoa in Frameworks */,
			);
			runOnlyForDeploymentPostprocessing = 0;
		};
		60D771B528946A070027CD4C /* Frameworks */ = {
			isa = PBXFrameworksBuildPhase;
			buildActionMask = 2147483647;
			files = (
				60D771B928946A070027CD4C /* Presentation.framework in Frameworks */,
			);
			runOnlyForDeploymentPostprocessing = 0;
		};
/* End PBXFrameworksBuildPhase section */

/* Begin PBXGroup section */
		60D77126289447890027CD4C = {
			isa = PBXGroup;
			children = (
				60D77131289447890027CD4C /* GithubApp */,
				60D771482894478C0027CD4C /* GithubAppTests */,
				60D7716D2894690E0027CD4C /* Domain */,
				60D771792894690E0027CD4C /* DomainTests */,
				60D77190289469B00027CD4C /* Data */,
				60D7719C289469B00027CD4C /* DataTests */,
				60D771B228946A070027CD4C /* Presentation */,
				60D771BE28946A070027CD4C /* PresentationTests */,
				60D77130289447890027CD4C /* Products */,
				60D771F328946E820027CD4C /* Frameworks */,
			);
			sourceTree = "<group>";
		};
		60D77130289447890027CD4C /* Products */ = {
			isa = PBXGroup;
			children = (
				60D7712F289447890027CD4C /* GithubApp.app */,
				60D771452894478C0027CD4C /* GithubAppTests.xctest */,
				60D7716C2894690E0027CD4C /* Domain.framework */,
				60D771732894690E0027CD4C /* DomainTests.xctest */,
				60D7718F289469B00027CD4C /* Data.framework */,
				60D77196289469B00027CD4C /* DataTests.xctest */,
				60D771B128946A070027CD4C /* Presentation.framework */,
				60D771B828946A070027CD4C /* PresentationTests.xctest */,
			);
			name = Products;
			sourceTree = "<group>";
		};
		60D77131289447890027CD4C /* GithubApp */ = {
			isa = PBXGroup;
			children = (
				60D77162289448320027CD4C /* SupportingFiles */,
				60D77132289447890027CD4C /* AppDelegate.swift */,
				60D7716528944A4D0027CD4C /* SceneDelegate.swift */,
				60D77136289447890027CD4C /* ViewController.swift */,
			);
			path = GithubApp;
			sourceTree = "<group>";
		};
		60D771482894478C0027CD4C /* GithubAppTests */ = {
			isa = PBXGroup;
			children = (
				60D771492894478C0027CD4C /* GithubAppTests.swift */,
			);
			path = GithubAppTests;
			sourceTree = "<group>";
		};
		60D77162289448320027CD4C /* SupportingFiles */ = {
			isa = PBXGroup;
			children = (
				60D7713B2894478C0027CD4C /* Assets.xcassets */,
				60D7713D2894478C0027CD4C /* LaunchScreen.storyboard */,
				60D771402894478C0027CD4C /* Info.plist */,
			);
			path = SupportingFiles;
			sourceTree = "<group>";
		};
		60D7716D2894690E0027CD4C /* Domain */ = {
			isa = PBXGroup;
			children = (
				60D771882894696F0027CD4C /* DomainFile.swift */,
			);
			path = Domain;
			sourceTree = "<group>";
		};
		60D771792894690E0027CD4C /* DomainTests */ = {
			isa = PBXGroup;
			children = (
				60D7717A2894690E0027CD4C /* DomainTests.swift */,
			);
			path = DomainTests;
			sourceTree = "<group>";
		};
		60D77190289469B00027CD4C /* Data */ = {
			isa = PBXGroup;
			children = (
				60D771AA289469CF0027CD4C /* DataFile.swift */,
			);
			path = Data;
			sourceTree = "<group>";
		};
		60D7719C289469B00027CD4C /* DataTests */ = {
			isa = PBXGroup;
			children = (
				60D7719D289469B00027CD4C /* DataTests.swift */,
			);
			path = DataTests;
			sourceTree = "<group>";
		};
		60D771B228946A070027CD4C /* Presentation */ = {
			isa = PBXGroup;
			children = (
				60D771CC28946A250027CD4C /* PresentationFile.swift */,
			);
			path = Presentation;
			sourceTree = "<group>";
		};
		60D771BE28946A070027CD4C /* PresentationTests */ = {
			isa = PBXGroup;
			children = (
				60D771BF28946A070027CD4C /* PresentationTests.swift */,
			);
			path = PresentationTests;
			sourceTree = "<group>";
		};
		60D771F328946E820027CD4C /* Frameworks */ = {
			isa = PBXGroup;
			children = (
			);
			name = Frameworks;
			sourceTree = "<group>";
		};
/* End PBXGroup section */

/* Begin PBXHeadersBuildPhase section */
		60D771672894690E0027CD4C /* Headers */ = {
			isa = PBXHeadersBuildPhase;
			buildActionMask = 2147483647;
			files = (
			);
			runOnlyForDeploymentPostprocessing = 0;
		};
		60D7718A289469B00027CD4C /* Headers */ = {
			isa = PBXHeadersBuildPhase;
			buildActionMask = 2147483647;
			files = (
			);
			runOnlyForDeploymentPostprocessing = 0;
		};
		60D771AC28946A070027CD4C /* Headers */ = {
			isa = PBXHeadersBuildPhase;
			buildActionMask = 2147483647;
			files = (
			);
			runOnlyForDeploymentPostprocessing = 0;
		};
/* End PBXHeadersBuildPhase section */

/* Begin PBXNativeTarget section */
		60D7712E289447890027CD4C /* GithubApp */ = {
			isa = PBXNativeTarget;
			buildConfigurationList = 60D771592894478C0027CD4C /* Build configuration list for PBXNativeTarget "GithubApp" */;
			buildPhases = (
				60D7712B289447890027CD4C /* Sources */,
				60D7712C289447890027CD4C /* Frameworks */,
				60D7712D289447890027CD4C /* Resources */,
				60D771812894690E0027CD4C /* Embed Frameworks */,
			);
			buildRules = (
			);
			dependencies = (
				60D7717E2894690E0027CD4C /* PBXTargetDependency */,
				60D771A1289469B00027CD4C /* PBXTargetDependency */,
				60D771C328946A070027CD4C /* PBXTargetDependency */,
			);
			name = GithubApp;
			packageProductDependencies = (
			);
			productName = GithubApp;
			productReference = 60D7712F289447890027CD4C /* GithubApp.app */;
			productType = "com.apple.product-type.application";
		};
		60D771442894478C0027CD4C /* GithubAppTests */ = {
			isa = PBXNativeTarget;
			buildConfigurationList = 60D7715C2894478C0027CD4C /* Build configuration list for PBXNativeTarget "GithubAppTests" */;
			buildPhases = (
				60D771412894478C0027CD4C /* Sources */,
				60D771422894478C0027CD4C /* Frameworks */,
				60D771432894478C0027CD4C /* Resources */,
			);
			buildRules = (
			);
			dependencies = (
				60D771472894478C0027CD4C /* PBXTargetDependency */,
			);
			name = GithubAppTests;
			productName = GithubAppTests;
			productReference = 60D771452894478C0027CD4C /* GithubAppTests.xctest */;
			productType = "com.apple.product-type.bundle.unit-test";
		};
		60D7716B2894690E0027CD4C /* Domain */ = {
			isa = PBXNativeTarget;
			buildConfigurationList = 60D771862894690E0027CD4C /* Build configuration list for PBXNativeTarget "Domain" */;
			buildPhases = (
				60D771672894690E0027CD4C /* Headers */,
				60D771682894690E0027CD4C /* Sources */,
				60D771692894690E0027CD4C /* Frameworks */,
				60D7716A2894690E0027CD4C /* Resources */,
			);
			buildRules = (
			);
			dependencies = (
				60D771DA28946C980027CD4C /* PBXTargetDependency */,
				60D771DC28946C980027CD4C /* PBXTargetDependency */,
			);
			name = Domain;
			packageProductDependencies = (
				60D7720828946EE00027CD4C /* RxRelay */,
				60D7720A28946EE00027CD4C /* RxSwift */,
			);
			productName = Domain;
			productReference = 60D7716C2894690E0027CD4C /* Domain.framework */;
			productType = "com.apple.product-type.framework";
		};
		60D771722894690E0027CD4C /* DomainTests */ = {
			isa = PBXNativeTarget;
			buildConfigurationList = 60D771872894690E0027CD4C /* Build configuration list for PBXNativeTarget "DomainTests" */;
			buildPhases = (
				60D7716F2894690E0027CD4C /* Sources */,
				60D771702894690E0027CD4C /* Frameworks */,
				60D771712894690E0027CD4C /* Resources */,
			);
			buildRules = (
			);
			dependencies = (
				60D771762894690E0027CD4C /* PBXTargetDependency */,
				60D771782894690E0027CD4C /* PBXTargetDependency */,
			);
			name = DomainTests;
			productName = DomainTests;
			productReference = 60D771732894690E0027CD4C /* DomainTests.xctest */;
			productType = "com.apple.product-type.bundle.unit-test";
		};
		60D7718E289469B00027CD4C /* Data */ = {
			isa = PBXNativeTarget;
			buildConfigurationList = 60D771A4289469B00027CD4C /* Build configuration list for PBXNativeTarget "Data" */;
			buildPhases = (
				60D7718A289469B00027CD4C /* Headers */,
				60D7718B289469B00027CD4C /* Sources */,
				60D7718C289469B00027CD4C /* Frameworks */,
				60D7718D289469B00027CD4C /* Resources */,
			);
			buildRules = (
			);
			dependencies = (
				60D771DE28946CD70027CD4C /* PBXTargetDependency */,
			);
			name = Data;
			packageProductDependencies = (
			);
			productName = Data;
			productReference = 60D7718F289469B00027CD4C /* Data.framework */;
			productType = "com.apple.product-type.framework";
		};
		60D77195289469B00027CD4C /* DataTests */ = {
			isa = PBXNativeTarget;
			buildConfigurationList = 60D771A7289469B00027CD4C /* Build configuration list for PBXNativeTarget "DataTests" */;
			buildPhases = (
				60D77192289469B00027CD4C /* Sources */,
				60D77193289469B00027CD4C /* Frameworks */,
				60D77194289469B00027CD4C /* Resources */,
			);
			buildRules = (
			);
			dependencies = (
				60D77199289469B00027CD4C /* PBXTargetDependency */,
				60D7719B289469B00027CD4C /* PBXTargetDependency */,
			);
			name = DataTests;
			productName = DataTests;
			productReference = 60D77196289469B00027CD4C /* DataTests.xctest */;
			productType = "com.apple.product-type.bundle.unit-test";
		};
		60D771B028946A070027CD4C /* Presentation */ = {
			isa = PBXNativeTarget;
			buildConfigurationList = 60D771C628946A070027CD4C /* Build configuration list for PBXNativeTarget "Presentation" */;
			buildPhases = (
				60D771AC28946A070027CD4C /* Headers */,
				60D771AD28946A070027CD4C /* Sources */,
				60D771AE28946A070027CD4C /* Frameworks */,
				60D771AF28946A070027CD4C /* Resources */,
			);
			buildRules = (
			);
			dependencies = (
				60D771FC28946EA70027CD4C /* PBXTargetDependency */,
				60D7720228946EA70027CD4C /* PBXTargetDependency */,
			);
			name = Presentation;
			packageProductDependencies = (
				60D771F428946E820027CD4C /* RxCocoa */,
			);
			productName = Presentation;
			productReference = 60D771B128946A070027CD4C /* Presentation.framework */;
			productType = "com.apple.product-type.framework";
		};
		60D771B728946A070027CD4C /* PresentationTests */ = {
			isa = PBXNativeTarget;
			buildConfigurationList = 60D771C928946A070027CD4C /* Build configuration list for PBXNativeTarget "PresentationTests" */;
			buildPhases = (
				60D771B428946A070027CD4C /* Sources */,
				60D771B528946A070027CD4C /* Frameworks */,
				60D771B628946A070027CD4C /* Resources */,
			);
			buildRules = (
			);
			dependencies = (
				60D771BB28946A070027CD4C /* PBXTargetDependency */,
				60D771BD28946A070027CD4C /* PBXTargetDependency */,
			);
			name = PresentationTests;
			productName = PresentationTests;
			productReference = 60D771B828946A070027CD4C /* PresentationTests.xctest */;
			productType = "com.apple.product-type.bundle.unit-test";
		};
/* End PBXNativeTarget section */

/* Begin PBXProject section */
		60D77127289447890027CD4C /* Project object */ = {
			isa = PBXProject;
			attributes = {
				BuildIndependentTargetsInParallel = 1;
				LastSwiftUpdateCheck = 1340;
				LastUpgradeCheck = 1340;
				TargetAttributes = {
					60D7712E289447890027CD4C = {
						CreatedOnToolsVersion = 13.4.1;
					};
					60D771442894478C0027CD4C = {
						CreatedOnToolsVersion = 13.4.1;
						TestTargetID = 60D7712E289447890027CD4C;
					};
					60D7716B2894690E0027CD4C = {
						CreatedOnToolsVersion = 13.4.1;
						LastSwiftMigration = 1340;
					};
					60D771722894690E0027CD4C = {
						CreatedOnToolsVersion = 13.4.1;
						TestTargetID = 60D7712E289447890027CD4C;
					};
					60D7718E289469B00027CD4C = {
						CreatedOnToolsVersion = 13.4.1;
						LastSwiftMigration = 1340;
					};
					60D77195289469B00027CD4C = {
						CreatedOnToolsVersion = 13.4.1;
						TestTargetID = 60D7712E289447890027CD4C;
					};
					60D771B028946A070027CD4C = {
						CreatedOnToolsVersion = 13.4.1;
						LastSwiftMigration = 1340;
					};
					60D771B728946A070027CD4C = {
						CreatedOnToolsVersion = 13.4.1;
						TestTargetID = 60D7712E289447890027CD4C;
					};
				};
			};
			buildConfigurationList = 60D7712A289447890027CD4C /* Build configuration list for PBXProject "GithubApp" */;
			compatibilityVersion = "Xcode 13.0";
			developmentRegion = en;
			hasScannedForEncodings = 0;
			knownRegions = (
				en,
				Base,
			);
			mainGroup = 60D77126289447890027CD4C;
			packageReferences = (
				60D771CE28946BE80027CD4C /* XCRemoteSwiftPackageReference "RxSwift" */,
			);
			productRefGroup = 60D77130289447890027CD4C /* Products */;
			projectDirPath = "";
			projectRoot = "";
			targets = (
				60D7712E289447890027CD4C /* GithubApp */,
				60D771442894478C0027CD4C /* GithubAppTests */,
				60D7716B2894690E0027CD4C /* Domain */,
				60D771722894690E0027CD4C /* DomainTests */,
				60D7718E289469B00027CD4C /* Data */,
				60D77195289469B00027CD4C /* DataTests */,
				60D771B028946A070027CD4C /* Presentation */,
				60D771B728946A070027CD4C /* PresentationTests */,
			);
		};
/* End PBXProject section */

/* Begin PBXResourcesBuildPhase section */
		60D7712D289447890027CD4C /* Resources */ = {
			isa = PBXResourcesBuildPhase;
			buildActionMask = 2147483647;
			files = (
				60D7713F2894478C0027CD4C /* LaunchScreen.storyboard in Resources */,
				60D7713C2894478C0027CD4C /* Assets.xcassets in Resources */,
			);
			runOnlyForDeploymentPostprocessing = 0;
		};
		60D771432894478C0027CD4C /* Resources */ = {
			isa = PBXResourcesBuildPhase;
			buildActionMask = 2147483647;
			files = (
			);
			runOnlyForDeploymentPostprocessing = 0;
		};
		60D7716A2894690E0027CD4C /* Resources */ = {
			isa = PBXResourcesBuildPhase;
			buildActionMask = 2147483647;
			files = (
			);
			runOnlyForDeploymentPostprocessing = 0;
		};
		60D771712894690E0027CD4C /* Resources */ = {
			isa = PBXResourcesBuildPhase;
			buildActionMask = 2147483647;
			files = (
			);
			runOnlyForDeploymentPostprocessing = 0;
		};
		60D7718D289469B00027CD4C /* Resources */ = {
			isa = PBXResourcesBuildPhase;
			buildActionMask = 2147483647;
			files = (
			);
			runOnlyForDeploymentPostprocessing = 0;
		};
		60D77194289469B00027CD4C /* Resources */ = {
			isa = PBXResourcesBuildPhase;
			buildActionMask = 2147483647;
			files = (
			);
			runOnlyForDeploymentPostprocessing = 0;
		};
		60D771AF28946A070027CD4C /* Resources */ = {
			isa = PBXResourcesBuildPhase;
			buildActionMask = 2147483647;
			files = (
			);
			runOnlyForDeploymentPostprocessing = 0;
		};
		60D771B628946A070027CD4C /* Resources */ = {
			isa = PBXResourcesBuildPhase;
			buildActionMask = 2147483647;
			files = (
			);
			runOnlyForDeploymentPostprocessing = 0;
		};
/* End PBXResourcesBuildPhase section */

/* Begin PBXSourcesBuildPhase section */
		60D7712B289447890027CD4C /* Sources */ = {
			isa = PBXSourcesBuildPhase;
			buildActionMask = 2147483647;
			files = (
				60D77137289447890027CD4C /* ViewController.swift in Sources */,
				60D77133289447890027CD4C /* AppDelegate.swift in Sources */,
				60D7716628944A4D0027CD4C /* SceneDelegate.swift in Sources */,
			);
			runOnlyForDeploymentPostprocessing = 0;
		};
		60D771412894478C0027CD4C /* Sources */ = {
			isa = PBXSourcesBuildPhase;
			buildActionMask = 2147483647;
			files = (
				60D7714A2894478C0027CD4C /* GithubAppTests.swift in Sources */,
			);
			runOnlyForDeploymentPostprocessing = 0;
		};
		60D771682894690E0027CD4C /* Sources */ = {
			isa = PBXSourcesBuildPhase;
			buildActionMask = 2147483647;
			files = (
				60D771892894696F0027CD4C /* DomainFile.swift in Sources */,
			);
			runOnlyForDeploymentPostprocessing = 0;
		};
		60D7716F2894690E0027CD4C /* Sources */ = {
			isa = PBXSourcesBuildPhase;
			buildActionMask = 2147483647;
			files = (
				60D7717B2894690E0027CD4C /* DomainTests.swift in Sources */,
			);
			runOnlyForDeploymentPostprocessing = 0;
		};
		60D7718B289469B00027CD4C /* Sources */ = {
			isa = PBXSourcesBuildPhase;
			buildActionMask = 2147483647;
			files = (
				60D771AB289469CF0027CD4C /* DataFile.swift in Sources */,
			);
			runOnlyForDeploymentPostprocessing = 0;
		};
		60D77192289469B00027CD4C /* Sources */ = {
			isa = PBXSourcesBuildPhase;
			buildActionMask = 2147483647;
			files = (
				60D7719E289469B00027CD4C /* DataTests.swift in Sources */,
			);
			runOnlyForDeploymentPostprocessing = 0;
		};
		60D771AD28946A070027CD4C /* Sources */ = {
			isa = PBXSourcesBuildPhase;
			buildActionMask = 2147483647;
			files = (
				60D771CD28946A250027CD4C /* PresentationFile.swift in Sources */,
			);
			runOnlyForDeploymentPostprocessing = 0;
		};
		60D771B428946A070027CD4C /* Sources */ = {
			isa = PBXSourcesBuildPhase;
			buildActionMask = 2147483647;
			files = (
				60D771C028946A070027CD4C /* PresentationTests.swift in Sources */,
			);
			runOnlyForDeploymentPostprocessing = 0;
		};
/* End PBXSourcesBuildPhase section */

/* Begin PBXTargetDependency section */
		60D771472894478C0027CD4C /* PBXTargetDependency */ = {
			isa = PBXTargetDependency;
			target = 60D7712E289447890027CD4C /* GithubApp */;
			targetProxy = 60D771462894478C0027CD4C /* PBXContainerItemProxy */;
		};
		60D771762894690E0027CD4C /* PBXTargetDependency */ = {
			isa = PBXTargetDependency;
			target = 60D7716B2894690E0027CD4C /* Domain */;
			targetProxy = 60D771752894690E0027CD4C /* PBXContainerItemProxy */;
		};
		60D771782894690E0027CD4C /* PBXTargetDependency */ = {
			isa = PBXTargetDependency;
			target = 60D7712E289447890027CD4C /* GithubApp */;
			targetProxy = 60D771772894690E0027CD4C /* PBXContainerItemProxy */;
		};
		60D7717E2894690E0027CD4C /* PBXTargetDependency */ = {
			isa = PBXTargetDependency;
			target = 60D7716B2894690E0027CD4C /* Domain */;
			targetProxy = 60D7717D2894690E0027CD4C /* PBXContainerItemProxy */;
		};
		60D77199289469B00027CD4C /* PBXTargetDependency */ = {
			isa = PBXTargetDependency;
			target = 60D7718E289469B00027CD4C /* Data */;
			targetProxy = 60D77198289469B00027CD4C /* PBXContainerItemProxy */;
		};
		60D7719B289469B00027CD4C /* PBXTargetDependency */ = {
			isa = PBXTargetDependency;
			target = 60D7712E289447890027CD4C /* GithubApp */;
			targetProxy = 60D7719A289469B00027CD4C /* PBXContainerItemProxy */;
		};
		60D771A1289469B00027CD4C /* PBXTargetDependency */ = {
			isa = PBXTargetDependency;
			target = 60D7718E289469B00027CD4C /* Data */;
			targetProxy = 60D771A0289469B00027CD4C /* PBXContainerItemProxy */;
		};
		60D771BB28946A070027CD4C /* PBXTargetDependency */ = {
			isa = PBXTargetDependency;
			target = 60D771B028946A070027CD4C /* Presentation */;
			targetProxy = 60D771BA28946A070027CD4C /* PBXContainerItemProxy */;
		};
		60D771BD28946A070027CD4C /* PBXTargetDependency */ = {
			isa = PBXTargetDependency;
			target = 60D7712E289447890027CD4C /* GithubApp */;
			targetProxy = 60D771BC28946A070027CD4C /* PBXContainerItemProxy */;
		};
		60D771C328946A070027CD4C /* PBXTargetDependency */ = {
			isa = PBXTargetDependency;
			target = 60D771B028946A070027CD4C /* Presentation */;
			targetProxy = 60D771C228946A070027CD4C /* PBXContainerItemProxy */;
		};
		60D771DA28946C980027CD4C /* PBXTargetDependency */ = {
			isa = PBXTargetDependency;
			productRef = 60D771D928946C980027CD4C /* RxRelay */;
		};
		60D771DC28946C980027CD4C /* PBXTargetDependency */ = {
			isa = PBXTargetDependency;
			productRef = 60D771DB28946C980027CD4C /* RxSwift */;
		};
		60D771DE28946CD70027CD4C /* PBXTargetDependency */ = {
			isa = PBXTargetDependency;
			target = 60D7716B2894690E0027CD4C /* Domain */;
			targetProxy = 60D771DD28946CD70027CD4C /* PBXContainerItemProxy */;
		};
		60D771FC28946EA70027CD4C /* PBXTargetDependency */ = {
			isa = PBXTargetDependency;
			target = 60D7716B2894690E0027CD4C /* Domain */;
			targetProxy = 60D771FB28946EA70027CD4C /* PBXContainerItemProxy */;
		};
		60D7720228946EA70027CD4C /* PBXTargetDependency */ = {
			isa = PBXTargetDependency;
			productRef = 60D7720128946EA70027CD4C /* RxSwift */;
		};
/* End PBXTargetDependency section */

/* Begin PBXVariantGroup section */
		60D7713D2894478C0027CD4C /* LaunchScreen.storyboard */ = {
			isa = PBXVariantGroup;
			children = (
				60D7713E2894478C0027CD4C /* Base */,
			);
			name = LaunchScreen.storyboard;
			sourceTree = "<group>";
		};
/* End PBXVariantGroup section */

/* Begin XCBuildConfiguration section */
		60D771572894478C0027CD4C /* Debug */ = {
			isa = XCBuildConfiguration;
			buildSettings = {
				ALWAYS_SEARCH_USER_PATHS = NO;
				CLANG_ANALYZER_NONNULL = YES;
				CLANG_ANALYZER_NUMBER_OBJECT_CONVERSION = YES_AGGRESSIVE;
				CLANG_CXX_LANGUAGE_STANDARD = "gnu++17";
				CLANG_ENABLE_MODULES = YES;
				CLANG_ENABLE_OBJC_ARC = YES;
				CLANG_ENABLE_OBJC_WEAK = YES;
				CLANG_WARN_BLOCK_CAPTURE_AUTORELEASING = YES;
				CLANG_WARN_BOOL_CONVERSION = YES;
				CLANG_WARN_COMMA = YES;
				CLANG_WARN_CONSTANT_CONVERSION = YES;
				CLANG_WARN_DEPRECATED_OBJC_IMPLEMENTATIONS = YES;
				CLANG_WARN_DIRECT_OBJC_ISA_USAGE = YES_ERROR;
				CLANG_WARN_DOCUMENTATION_COMMENTS = YES;
				CLANG_WARN_EMPTY_BODY = YES;
				CLANG_WARN_ENUM_CONVERSION = YES;
				CLANG_WARN_INFINITE_RECURSION = YES;
				CLANG_WARN_INT_CONVERSION = YES;
				CLANG_WARN_NON_LITERAL_NULL_CONVERSION = YES;
				CLANG_WARN_OBJC_IMPLICIT_RETAIN_SELF = YES;
				CLANG_WARN_OBJC_LITERAL_CONVERSION = YES;
				CLANG_WARN_OBJC_ROOT_CLASS = YES_ERROR;
				CLANG_WARN_QUOTED_INCLUDE_IN_FRAMEWORK_HEADER = YES;
				CLANG_WARN_RANGE_LOOP_ANALYSIS = YES;
				CLANG_WARN_STRICT_PROTOTYPES = YES;
				CLANG_WARN_SUSPICIOUS_MOVE = YES;
				CLANG_WARN_UNGUARDED_AVAILABILITY = YES_AGGRESSIVE;
				CLANG_WARN_UNREACHABLE_CODE = YES;
				CLANG_WARN__DUPLICATE_METHOD_MATCH = YES;
				COPY_PHASE_STRIP = NO;
				DEBUG_INFORMATION_FORMAT = dwarf;
				ENABLE_STRICT_OBJC_MSGSEND = YES;
				ENABLE_TESTABILITY = YES;
				GCC_C_LANGUAGE_STANDARD = gnu11;
				GCC_DYNAMIC_NO_PIC = NO;
				GCC_NO_COMMON_BLOCKS = YES;
				GCC_OPTIMIZATION_LEVEL = 0;
				GCC_PREPROCESSOR_DEFINITIONS = (
					"DEBUG=1",
					"$(inherited)",
				);
				GCC_WARN_64_TO_32_BIT_CONVERSION = YES;
				GCC_WARN_ABOUT_RETURN_TYPE = YES_ERROR;
				GCC_WARN_UNDECLARED_SELECTOR = YES;
				GCC_WARN_UNINITIALIZED_AUTOS = YES_AGGRESSIVE;
				GCC_WARN_UNUSED_FUNCTION = YES;
				GCC_WARN_UNUSED_VARIABLE = YES;
				IPHONEOS_DEPLOYMENT_TARGET = 15.5;
				MTL_ENABLE_DEBUG_INFO = INCLUDE_SOURCE;
				MTL_FAST_MATH = YES;
				ONLY_ACTIVE_ARCH = YES;
				SDKROOT = iphoneos;
				SWIFT_ACTIVE_COMPILATION_CONDITIONS = DEBUG;
				SWIFT_OPTIMIZATION_LEVEL = "-Onone";
			};
			name = Debug;
		};
		60D771582894478C0027CD4C /* Release */ = {
			isa = XCBuildConfiguration;
			buildSettings = {
				ALWAYS_SEARCH_USER_PATHS = NO;
				CLANG_ANALYZER_NONNULL = YES;
				CLANG_ANALYZER_NUMBER_OBJECT_CONVERSION = YES_AGGRESSIVE;
				CLANG_CXX_LANGUAGE_STANDARD = "gnu++17";
				CLANG_ENABLE_MODULES = YES;
				CLANG_ENABLE_OBJC_ARC = YES;
				CLANG_ENABLE_OBJC_WEAK = YES;
				CLANG_WARN_BLOCK_CAPTURE_AUTORELEASING = YES;
				CLANG_WARN_BOOL_CONVERSION = YES;
				CLANG_WARN_COMMA = YES;
				CLANG_WARN_CONSTANT_CONVERSION = YES;
				CLANG_WARN_DEPRECATED_OBJC_IMPLEMENTATIONS = YES;
				CLANG_WARN_DIRECT_OBJC_ISA_USAGE = YES_ERROR;
				CLANG_WARN_DOCUMENTATION_COMMENTS = YES;
				CLANG_WARN_EMPTY_BODY = YES;
				CLANG_WARN_ENUM_CONVERSION = YES;
				CLANG_WARN_INFINITE_RECURSION = YES;
				CLANG_WARN_INT_CONVERSION = YES;
				CLANG_WARN_NON_LITERAL_NULL_CONVERSION = YES;
				CLANG_WARN_OBJC_IMPLICIT_RETAIN_SELF = YES;
				CLANG_WARN_OBJC_LITERAL_CONVERSION = YES;
				CLANG_WARN_OBJC_ROOT_CLASS = YES_ERROR;
				CLANG_WARN_QUOTED_INCLUDE_IN_FRAMEWORK_HEADER = YES;
				CLANG_WARN_RANGE_LOOP_ANALYSIS = YES;
				CLANG_WARN_STRICT_PROTOTYPES = YES;
				CLANG_WARN_SUSPICIOUS_MOVE = YES;
				CLANG_WARN_UNGUARDED_AVAILABILITY = YES_AGGRESSIVE;
				CLANG_WARN_UNREACHABLE_CODE = YES;
				CLANG_WARN__DUPLICATE_METHOD_MATCH = YES;
				COPY_PHASE_STRIP = NO;
				DEBUG_INFORMATION_FORMAT = "dwarf-with-dsym";
				ENABLE_NS_ASSERTIONS = NO;
				ENABLE_STRICT_OBJC_MSGSEND = YES;
				GCC_C_LANGUAGE_STANDARD = gnu11;
				GCC_NO_COMMON_BLOCKS = YES;
				GCC_WARN_64_TO_32_BIT_CONVERSION = YES;
				GCC_WARN_ABOUT_RETURN_TYPE = YES_ERROR;
				GCC_WARN_UNDECLARED_SELECTOR = YES;
				GCC_WARN_UNINITIALIZED_AUTOS = YES_AGGRESSIVE;
				GCC_WARN_UNUSED_FUNCTION = YES;
				GCC_WARN_UNUSED_VARIABLE = YES;
				IPHONEOS_DEPLOYMENT_TARGET = 15.5;
				MTL_ENABLE_DEBUG_INFO = NO;
				MTL_FAST_MATH = YES;
				SDKROOT = iphoneos;
				SWIFT_COMPILATION_MODE = wholemodule;
				SWIFT_OPTIMIZATION_LEVEL = "-O";
				VALIDATE_PRODUCT = YES;
			};
			name = Release;
		};
		60D7715A2894478C0027CD4C /* Debug */ = {
			isa = XCBuildConfiguration;
			buildSettings = {
				ALWAYS_EMBED_SWIFT_STANDARD_LIBRARIES = YES;
				ASSETCATALOG_COMPILER_APPICON_NAME = AppIcon;
				ASSETCATALOG_COMPILER_GLOBAL_ACCENT_COLOR_NAME = AccentColor;
				CODE_SIGN_STYLE = Automatic;
				CURRENT_PROJECT_VERSION = 1;
				DEVELOPMENT_TEAM = K8WZF48FXW;
				GENERATE_INFOPLIST_FILE = YES;
				INFOPLIST_FILE = GithubApp/SupportingFiles/Info.plist;
				INFOPLIST_KEY_UIApplicationSupportsIndirectInputEvents = YES;
				INFOPLIST_KEY_UILaunchStoryboardName = LaunchScreen;
				INFOPLIST_KEY_UISupportedInterfaceOrientations_iPad = "UIInterfaceOrientationPortrait UIInterfaceOrientationPortraitUpsideDown UIInterfaceOrientationLandscapeLeft UIInterfaceOrientationLandscapeRight";
				INFOPLIST_KEY_UISupportedInterfaceOrientations_iPhone = "UIInterfaceOrientationPortrait UIInterfaceOrientationLandscapeLeft UIInterfaceOrientationLandscapeRight";
				LD_RUNPATH_SEARCH_PATHS = (
					"$(inherited)",
					"@executable_path/Frameworks",
				);
				MARKETING_VERSION = 1.0;
				PRODUCT_BUNDLE_IDENTIFIER = com.hydro1337x.GithubApp;
				PRODUCT_NAME = "$(TARGET_NAME)";
				SWIFT_EMIT_LOC_STRINGS = YES;
				SWIFT_VERSION = 5.0;
				TARGETED_DEVICE_FAMILY = "1,2";
			};
			name = Debug;
		};
		60D7715B2894478C0027CD4C /* Release */ = {
			isa = XCBuildConfiguration;
			buildSettings = {
				ALWAYS_EMBED_SWIFT_STANDARD_LIBRARIES = YES;
				ASSETCATALOG_COMPILER_APPICON_NAME = AppIcon;
				ASSETCATALOG_COMPILER_GLOBAL_ACCENT_COLOR_NAME = AccentColor;
				CODE_SIGN_STYLE = Automatic;
				CURRENT_PROJECT_VERSION = 1;
				DEVELOPMENT_TEAM = K8WZF48FXW;
				GENERATE_INFOPLIST_FILE = YES;
				INFOPLIST_FILE = GithubApp/SupportingFiles/Info.plist;
				INFOPLIST_KEY_UIApplicationSupportsIndirectInputEvents = YES;
				INFOPLIST_KEY_UILaunchStoryboardName = LaunchScreen;
				INFOPLIST_KEY_UISupportedInterfaceOrientations_iPad = "UIInterfaceOrientationPortrait UIInterfaceOrientationPortraitUpsideDown UIInterfaceOrientationLandscapeLeft UIInterfaceOrientationLandscapeRight";
				INFOPLIST_KEY_UISupportedInterfaceOrientations_iPhone = "UIInterfaceOrientationPortrait UIInterfaceOrientationLandscapeLeft UIInterfaceOrientationLandscapeRight";
				LD_RUNPATH_SEARCH_PATHS = (
					"$(inherited)",
					"@executable_path/Frameworks",
				);
				MARKETING_VERSION = 1.0;
				PRODUCT_BUNDLE_IDENTIFIER = com.hydro1337x.GithubApp;
				PRODUCT_NAME = "$(TARGET_NAME)";
				SWIFT_EMIT_LOC_STRINGS = YES;
				SWIFT_VERSION = 5.0;
				TARGETED_DEVICE_FAMILY = "1,2";
			};
			name = Release;
		};
		60D7715D2894478C0027CD4C /* Debug */ = {
			isa = XCBuildConfiguration;
			buildSettings = {
				ALWAYS_EMBED_SWIFT_STANDARD_LIBRARIES = YES;
				BUNDLE_LOADER = "$(TEST_HOST)";
				CODE_SIGN_STYLE = Automatic;
				CURRENT_PROJECT_VERSION = 1;
				DEVELOPMENT_TEAM = K8WZF48FXW;
				GENERATE_INFOPLIST_FILE = YES;
				IPHONEOS_DEPLOYMENT_TARGET = 15.5;
				MARKETING_VERSION = 1.0;
				PRODUCT_BUNDLE_IDENTIFIER = com.hydro1337x.GithubAppTests;
				PRODUCT_NAME = "$(TARGET_NAME)";
				SWIFT_EMIT_LOC_STRINGS = NO;
				SWIFT_VERSION = 5.0;
				TARGETED_DEVICE_FAMILY = "1,2";
				TEST_HOST = "$(BUILT_PRODUCTS_DIR)/GithubApp.app/GithubApp";
			};
			name = Debug;
		};
		60D7715E2894478C0027CD4C /* Release */ = {
			isa = XCBuildConfiguration;
			buildSettings = {
				ALWAYS_EMBED_SWIFT_STANDARD_LIBRARIES = YES;
				BUNDLE_LOADER = "$(TEST_HOST)";
				CODE_SIGN_STYLE = Automatic;
				CURRENT_PROJECT_VERSION = 1;
				DEVELOPMENT_TEAM = K8WZF48FXW;
				GENERATE_INFOPLIST_FILE = YES;
				IPHONEOS_DEPLOYMENT_TARGET = 15.5;
				MARKETING_VERSION = 1.0;
				PRODUCT_BUNDLE_IDENTIFIER = com.hydro1337x.GithubAppTests;
				PRODUCT_NAME = "$(TARGET_NAME)";
				SWIFT_EMIT_LOC_STRINGS = NO;
				SWIFT_VERSION = 5.0;
				TARGETED_DEVICE_FAMILY = "1,2";
				TEST_HOST = "$(BUILT_PRODUCTS_DIR)/GithubApp.app/GithubApp";
			};
			name = Release;
		};
		60D771822894690E0027CD4C /* Debug */ = {
			isa = XCBuildConfiguration;
			buildSettings = {
				CLANG_ENABLE_MODULES = YES;
				CODE_SIGN_STYLE = Automatic;
				CURRENT_PROJECT_VERSION = 1;
				DEFINES_MODULE = YES;
				DEVELOPMENT_TEAM = K8WZF48FXW;
				DYLIB_COMPATIBILITY_VERSION = 1;
				DYLIB_CURRENT_VERSION = 1;
				DYLIB_INSTALL_NAME_BASE = "@rpath";
				GENERATE_INFOPLIST_FILE = YES;
				INFOPLIST_KEY_NSHumanReadableCopyright = "";
				INSTALL_PATH = "$(LOCAL_LIBRARY_DIR)/Frameworks";
				LD_RUNPATH_SEARCH_PATHS = (
					"$(inherited)",
					"@executable_path/Frameworks",
					"@loader_path/Frameworks",
				);
				MACH_O_TYPE = staticlib;
				MARKETING_VERSION = 1.0;
				PRODUCT_BUNDLE_IDENTIFIER = com.hydro1337x.Domain;
				PRODUCT_NAME = "$(TARGET_NAME:c99extidentifier)";
				SKIP_INSTALL = YES;
				SWIFT_EMIT_LOC_STRINGS = YES;
				SWIFT_OPTIMIZATION_LEVEL = "-Onone";
				SWIFT_VERSION = 5.0;
				TARGETED_DEVICE_FAMILY = "1,2";
				VERSIONING_SYSTEM = "apple-generic";
				VERSION_INFO_PREFIX = "";
			};
			name = Debug;
		};
		60D771832894690E0027CD4C /* Release */ = {
			isa = XCBuildConfiguration;
			buildSettings = {
				CLANG_ENABLE_MODULES = YES;
				CODE_SIGN_STYLE = Automatic;
				CURRENT_PROJECT_VERSION = 1;
				DEFINES_MODULE = YES;
				DEVELOPMENT_TEAM = K8WZF48FXW;
				DYLIB_COMPATIBILITY_VERSION = 1;
				DYLIB_CURRENT_VERSION = 1;
				DYLIB_INSTALL_NAME_BASE = "@rpath";
				GENERATE_INFOPLIST_FILE = YES;
				INFOPLIST_KEY_NSHumanReadableCopyright = "";
				INSTALL_PATH = "$(LOCAL_LIBRARY_DIR)/Frameworks";
				LD_RUNPATH_SEARCH_PATHS = (
					"$(inherited)",
					"@executable_path/Frameworks",
					"@loader_path/Frameworks",
				);
				MACH_O_TYPE = staticlib;
				MARKETING_VERSION = 1.0;
				PRODUCT_BUNDLE_IDENTIFIER = com.hydro1337x.Domain;
				PRODUCT_NAME = "$(TARGET_NAME:c99extidentifier)";
				SKIP_INSTALL = YES;
				SWIFT_EMIT_LOC_STRINGS = YES;
				SWIFT_VERSION = 5.0;
				TARGETED_DEVICE_FAMILY = "1,2";
				VERSIONING_SYSTEM = "apple-generic";
				VERSION_INFO_PREFIX = "";
			};
			name = Release;
		};
		60D771842894690E0027CD4C /* Debug */ = {
			isa = XCBuildConfiguration;
			buildSettings = {
				ALWAYS_EMBED_SWIFT_STANDARD_LIBRARIES = YES;
				CODE_SIGN_STYLE = Automatic;
				CURRENT_PROJECT_VERSION = 1;
				DEVELOPMENT_TEAM = K8WZF48FXW;
				GENERATE_INFOPLIST_FILE = YES;
				MARKETING_VERSION = 1.0;
				PRODUCT_BUNDLE_IDENTIFIER = com.hydro1337x.DomainTests;
				PRODUCT_NAME = "$(TARGET_NAME)";
				SWIFT_EMIT_LOC_STRINGS = NO;
				SWIFT_VERSION = 5.0;
				TARGETED_DEVICE_FAMILY = "1,2";
				TEST_HOST = "$(BUILT_PRODUCTS_DIR)/GithubApp.app/GithubApp";
			};
			name = Debug;
		};
		60D771852894690E0027CD4C /* Release */ = {
			isa = XCBuildConfiguration;
			buildSettings = {
				ALWAYS_EMBED_SWIFT_STANDARD_LIBRARIES = YES;
				CODE_SIGN_STYLE = Automatic;
				CURRENT_PROJECT_VERSION = 1;
				DEVELOPMENT_TEAM = K8WZF48FXW;
				GENERATE_INFOPLIST_FILE = YES;
				MARKETING_VERSION = 1.0;
				PRODUCT_BUNDLE_IDENTIFIER = com.hydro1337x.DomainTests;
				PRODUCT_NAME = "$(TARGET_NAME)";
				SWIFT_EMIT_LOC_STRINGS = NO;
				SWIFT_VERSION = 5.0;
				TARGETED_DEVICE_FAMILY = "1,2";
				TEST_HOST = "$(BUILT_PRODUCTS_DIR)/GithubApp.app/GithubApp";
			};
			name = Release;
		};
		60D771A5289469B00027CD4C /* Debug */ = {
			isa = XCBuildConfiguration;
			buildSettings = {
				CLANG_ENABLE_MODULES = YES;
				CODE_SIGN_STYLE = Automatic;
				CURRENT_PROJECT_VERSION = 1;
				DEFINES_MODULE = YES;
				DEVELOPMENT_TEAM = K8WZF48FXW;
				DYLIB_COMPATIBILITY_VERSION = 1;
				DYLIB_CURRENT_VERSION = 1;
				DYLIB_INSTALL_NAME_BASE = "@rpath";
				GENERATE_INFOPLIST_FILE = YES;
				INFOPLIST_KEY_NSHumanReadableCopyright = "";
				INSTALL_PATH = "$(LOCAL_LIBRARY_DIR)/Frameworks";
				LD_RUNPATH_SEARCH_PATHS = (
					"$(inherited)",
					"@executable_path/Frameworks",
					"@loader_path/Frameworks",
				);
				MACH_O_TYPE = staticlib;
				MARKETING_VERSION = 1.0;
				PRODUCT_BUNDLE_IDENTIFIER = com.hydro1337x.Data;
				PRODUCT_NAME = "$(TARGET_NAME:c99extidentifier)";
				SKIP_INSTALL = YES;
				SWIFT_EMIT_LOC_STRINGS = YES;
				SWIFT_OPTIMIZATION_LEVEL = "-Onone";
				SWIFT_VERSION = 5.0;
				TARGETED_DEVICE_FAMILY = "1,2";
				VERSIONING_SYSTEM = "apple-generic";
				VERSION_INFO_PREFIX = "";
			};
			name = Debug;
		};
		60D771A6289469B00027CD4C /* Release */ = {
			isa = XCBuildConfiguration;
			buildSettings = {
				CLANG_ENABLE_MODULES = YES;
				CODE_SIGN_STYLE = Automatic;
				CURRENT_PROJECT_VERSION = 1;
				DEFINES_MODULE = YES;
				DEVELOPMENT_TEAM = K8WZF48FXW;
				DYLIB_COMPATIBILITY_VERSION = 1;
				DYLIB_CURRENT_VERSION = 1;
				DYLIB_INSTALL_NAME_BASE = "@rpath";
				GENERATE_INFOPLIST_FILE = YES;
				INFOPLIST_KEY_NSHumanReadableCopyright = "";
				INSTALL_PATH = "$(LOCAL_LIBRARY_DIR)/Frameworks";
				LD_RUNPATH_SEARCH_PATHS = (
					"$(inherited)",
					"@executable_path/Frameworks",
					"@loader_path/Frameworks",
				);
				MACH_O_TYPE = staticlib;
				MARKETING_VERSION = 1.0;
				PRODUCT_BUNDLE_IDENTIFIER = com.hydro1337x.Data;
				PRODUCT_NAME = "$(TARGET_NAME:c99extidentifier)";
				SKIP_INSTALL = YES;
				SWIFT_EMIT_LOC_STRINGS = YES;
				SWIFT_VERSION = 5.0;
				TARGETED_DEVICE_FAMILY = "1,2";
				VERSIONING_SYSTEM = "apple-generic";
				VERSION_INFO_PREFIX = "";
			};
			name = Release;
		};
		60D771A8289469B00027CD4C /* Debug */ = {
			isa = XCBuildConfiguration;
			buildSettings = {
				ALWAYS_EMBED_SWIFT_STANDARD_LIBRARIES = YES;
				CODE_SIGN_STYLE = Automatic;
				CURRENT_PROJECT_VERSION = 1;
				DEVELOPMENT_TEAM = K8WZF48FXW;
				GENERATE_INFOPLIST_FILE = YES;
				MARKETING_VERSION = 1.0;
				PRODUCT_BUNDLE_IDENTIFIER = com.hydro1337x.DataTests;
				PRODUCT_NAME = "$(TARGET_NAME)";
				SWIFT_EMIT_LOC_STRINGS = NO;
				SWIFT_VERSION = 5.0;
				TARGETED_DEVICE_FAMILY = "1,2";
				TEST_HOST = "$(BUILT_PRODUCTS_DIR)/GithubApp.app/GithubApp";
			};
			name = Debug;
		};
		60D771A9289469B00027CD4C /* Release */ = {
			isa = XCBuildConfiguration;
			buildSettings = {
				ALWAYS_EMBED_SWIFT_STANDARD_LIBRARIES = YES;
				CODE_SIGN_STYLE = Automatic;
				CURRENT_PROJECT_VERSION = 1;
				DEVELOPMENT_TEAM = K8WZF48FXW;
				GENERATE_INFOPLIST_FILE = YES;
				MARKETING_VERSION = 1.0;
				PRODUCT_BUNDLE_IDENTIFIER = com.hydro1337x.DataTests;
				PRODUCT_NAME = "$(TARGET_NAME)";
				SWIFT_EMIT_LOC_STRINGS = NO;
				SWIFT_VERSION = 5.0;
				TARGETED_DEVICE_FAMILY = "1,2";
				TEST_HOST = "$(BUILT_PRODUCTS_DIR)/GithubApp.app/GithubApp";
			};
			name = Release;
		};
		60D771C728946A070027CD4C /* Debug */ = {
			isa = XCBuildConfiguration;
			buildSettings = {
				CLANG_ENABLE_MODULES = YES;
				CODE_SIGN_STYLE = Automatic;
				CURRENT_PROJECT_VERSION = 1;
				DEFINES_MODULE = YES;
				DEVELOPMENT_TEAM = K8WZF48FXW;
				DYLIB_COMPATIBILITY_VERSION = 1;
				DYLIB_CURRENT_VERSION = 1;
				DYLIB_INSTALL_NAME_BASE = "@rpath";
				GENERATE_INFOPLIST_FILE = YES;
				INFOPLIST_KEY_NSHumanReadableCopyright = "";
				INSTALL_PATH = "$(LOCAL_LIBRARY_DIR)/Frameworks";
				LD_RUNPATH_SEARCH_PATHS = (
					"$(inherited)",
					"@executable_path/Frameworks",
					"@loader_path/Frameworks",
				);
				MACH_O_TYPE = staticlib;
				MARKETING_VERSION = 1.0;
				PRODUCT_BUNDLE_IDENTIFIER = com.hydro1337x.Presentation;
				PRODUCT_NAME = "$(TARGET_NAME:c99extidentifier)";
				SKIP_INSTALL = YES;
				SWIFT_EMIT_LOC_STRINGS = YES;
				SWIFT_OPTIMIZATION_LEVEL = "-Onone";
				SWIFT_VERSION = 5.0;
				TARGETED_DEVICE_FAMILY = "1,2";
				VERSIONING_SYSTEM = "apple-generic";
				VERSION_INFO_PREFIX = "";
			};
			name = Debug;
		};
		60D771C828946A070027CD4C /* Release */ = {
			isa = XCBuildConfiguration;
			buildSettings = {
				CLANG_ENABLE_MODULES = YES;
				CODE_SIGN_STYLE = Automatic;
				CURRENT_PROJECT_VERSION = 1;
				DEFINES_MODULE = YES;
				DEVELOPMENT_TEAM = K8WZF48FXW;
				DYLIB_COMPATIBILITY_VERSION = 1;
				DYLIB_CURRENT_VERSION = 1;
				DYLIB_INSTALL_NAME_BASE = "@rpath";
				GENERATE_INFOPLIST_FILE = YES;
				INFOPLIST_KEY_NSHumanReadableCopyright = "";
				INSTALL_PATH = "$(LOCAL_LIBRARY_DIR)/Frameworks";
				LD_RUNPATH_SEARCH_PATHS = (
					"$(inherited)",
					"@executable_path/Frameworks",
					"@loader_path/Frameworks",
				);
				MACH_O_TYPE = staticlib;
				MARKETING_VERSION = 1.0;
				PRODUCT_BUNDLE_IDENTIFIER = com.hydro1337x.Presentation;
				PRODUCT_NAME = "$(TARGET_NAME:c99extidentifier)";
				SKIP_INSTALL = YES;
				SWIFT_EMIT_LOC_STRINGS = YES;
				SWIFT_VERSION = 5.0;
				TARGETED_DEVICE_FAMILY = "1,2";
				VERSIONING_SYSTEM = "apple-generic";
				VERSION_INFO_PREFIX = "";
			};
			name = Release;
		};
		60D771CA28946A070027CD4C /* Debug */ = {
			isa = XCBuildConfiguration;
			buildSettings = {
				ALWAYS_EMBED_SWIFT_STANDARD_LIBRARIES = YES;
				CODE_SIGN_STYLE = Automatic;
				CURRENT_PROJECT_VERSION = 1;
				DEVELOPMENT_TEAM = K8WZF48FXW;
				GENERATE_INFOPLIST_FILE = YES;
				MARKETING_VERSION = 1.0;
				PRODUCT_BUNDLE_IDENTIFIER = com.hydro1337x.PresentationTests;
				PRODUCT_NAME = "$(TARGET_NAME)";
				SWIFT_EMIT_LOC_STRINGS = NO;
				SWIFT_VERSION = 5.0;
				TARGETED_DEVICE_FAMILY = "1,2";
				TEST_HOST = "$(BUILT_PRODUCTS_DIR)/GithubApp.app/GithubApp";
			};
			name = Debug;
		};
		60D771CB28946A070027CD4C /* Release */ = {
			isa = XCBuildConfiguration;
			buildSettings = {
				ALWAYS_EMBED_SWIFT_STANDARD_LIBRARIES = YES;
				CODE_SIGN_STYLE = Automatic;
				CURRENT_PROJECT_VERSION = 1;
				DEVELOPMENT_TEAM = K8WZF48FXW;
				GENERATE_INFOPLIST_FILE = YES;
				MARKETING_VERSION = 1.0;
				PRODUCT_BUNDLE_IDENTIFIER = com.hydro1337x.PresentationTests;
				PRODUCT_NAME = "$(TARGET_NAME)";
				SWIFT_EMIT_LOC_STRINGS = NO;
				SWIFT_VERSION = 5.0;
				TARGETED_DEVICE_FAMILY = "1,2";
				TEST_HOST = "$(BUILT_PRODUCTS_DIR)/GithubApp.app/GithubApp";
			};
			name = Release;
		};
/* End XCBuildConfiguration section */

/* Begin XCConfigurationList section */
		60D7712A289447890027CD4C /* Build configuration list for PBXProject "GithubApp" */ = {
			isa = XCConfigurationList;
			buildConfigurations = (
				60D771572894478C0027CD4C /* Debug */,
				60D771582894478C0027CD4C /* Release */,
			);
			defaultConfigurationIsVisible = 0;
			defaultConfigurationName = Release;
		};
		60D771592894478C0027CD4C /* Build configuration list for PBXNativeTarget "GithubApp" */ = {
			isa = XCConfigurationList;
			buildConfigurations = (
				60D7715A2894478C0027CD4C /* Debug */,
				60D7715B2894478C0027CD4C /* Release */,
			);
			defaultConfigurationIsVisible = 0;
			defaultConfigurationName = Release;
		};
		60D7715C2894478C0027CD4C /* Build configuration list for PBXNativeTarget "GithubAppTests" */ = {
			isa = XCConfigurationList;
			buildConfigurations = (
				60D7715D2894478C0027CD4C /* Debug */,
				60D7715E2894478C0027CD4C /* Release */,
			);
			defaultConfigurationIsVisible = 0;
			defaultConfigurationName = Release;
		};
		60D771862894690E0027CD4C /* Build configuration list for PBXNativeTarget "Domain" */ = {
			isa = XCConfigurationList;
			buildConfigurations = (
				60D771822894690E0027CD4C /* Debug */,
				60D771832894690E0027CD4C /* Release */,
			);
			defaultConfigurationIsVisible = 0;
			defaultConfigurationName = Release;
		};
		60D771872894690E0027CD4C /* Build configuration list for PBXNativeTarget "DomainTests" */ = {
			isa = XCConfigurationList;
			buildConfigurations = (
				60D771842894690E0027CD4C /* Debug */,
				60D771852894690E0027CD4C /* Release */,
			);
			defaultConfigurationIsVisible = 0;
			defaultConfigurationName = Release;
		};
		60D771A4289469B00027CD4C /* Build configuration list for PBXNativeTarget "Data" */ = {
			isa = XCConfigurationList;
			buildConfigurations = (
				60D771A5289469B00027CD4C /* Debug */,
				60D771A6289469B00027CD4C /* Release */,
			);
			defaultConfigurationIsVisible = 0;
			defaultConfigurationName = Release;
		};
		60D771A7289469B00027CD4C /* Build configuration list for PBXNativeTarget "DataTests" */ = {
			isa = XCConfigurationList;
			buildConfigurations = (
				60D771A8289469B00027CD4C /* Debug */,
				60D771A9289469B00027CD4C /* Release */,
			);
			defaultConfigurationIsVisible = 0;
			defaultConfigurationName = Release;
		};
		60D771C628946A070027CD4C /* Build configuration list for PBXNativeTarget "Presentation" */ = {
			isa = XCConfigurationList;
			buildConfigurations = (
				60D771C728946A070027CD4C /* Debug */,
				60D771C828946A070027CD4C /* Release */,
			);
			defaultConfigurationIsVisible = 0;
			defaultConfigurationName = Release;
		};
		60D771C928946A070027CD4C /* Build configuration list for PBXNativeTarget "PresentationTests" */ = {
			isa = XCConfigurationList;
			buildConfigurations = (
				60D771CA28946A070027CD4C /* Debug */,
				60D771CB28946A070027CD4C /* Release */,
			);
			defaultConfigurationIsVisible = 0;
			defaultConfigurationName = Release;
		};
/* End XCConfigurationList section */

/* Begin XCRemoteSwiftPackageReference section */
		60D771CE28946BE80027CD4C /* XCRemoteSwiftPackageReference "RxSwift" */ = {
			isa = XCRemoteSwiftPackageReference;
			repositoryURL = "https://github.com/ReactiveX/RxSwift";
			requirement = {
				kind = upToNextMajorVersion;
				minimumVersion = 6.0.0;
			};
		};
/* End XCRemoteSwiftPackageReference section */

/* Begin XCSwiftPackageProductDependency section */
		60D771D928946C980027CD4C /* RxRelay */ = {
			isa = XCSwiftPackageProductDependency;
			package = 60D771CE28946BE80027CD4C /* XCRemoteSwiftPackageReference "RxSwift" */;
			productName = RxRelay;
		};
		60D771DB28946C980027CD4C /* RxSwift */ = {
			isa = XCSwiftPackageProductDependency;
			package = 60D771CE28946BE80027CD4C /* XCRemoteSwiftPackageReference "RxSwift" */;
			productName = RxSwift;
		};
		60D771F428946E820027CD4C /* RxCocoa */ = {
			isa = XCSwiftPackageProductDependency;
			package = 60D771CE28946BE80027CD4C /* XCRemoteSwiftPackageReference "RxSwift" */;
			productName = RxCocoa;
		};
		60D7720128946EA70027CD4C /* RxSwift */ = {
			isa = XCSwiftPackageProductDependency;
			package = 60D771CE28946BE80027CD4C /* XCRemoteSwiftPackageReference "RxSwift" */;
			productName = RxSwift;
		};
		60D7720828946EE00027CD4C /* RxRelay */ = {
			isa = XCSwiftPackageProductDependency;
			package = 60D771CE28946BE80027CD4C /* XCRemoteSwiftPackageReference "RxSwift" */;
			productName = RxRelay;
		};
		60D7720A28946EE00027CD4C /* RxSwift */ = {
			isa = XCSwiftPackageProductDependency;
			package = 60D771CE28946BE80027CD4C /* XCRemoteSwiftPackageReference "RxSwift" */;
			productName = RxSwift;
		};
/* End XCSwiftPackageProductDependency section */
	};
	rootObject = 60D77127289447890027CD4C /* Project object */;
}
